
Microsoft Visual Studio Solution File, Format Version 12.00
# Visual Studio Version 16
VisualStudioVersion = 16.0.808.4
MinimumVisualStudioVersion = 10.0.40219.1
Project("{FAE04EC0-301F-11D3-BF4B-00C04F79EFBC}") = "TheCSharpPlayersGuidePractice", "TheCSharpPlayersGuidePractice\TheCSharpPlayersGuidePractice.csproj", "{CD9CAA1D-9D0C-47FB-8295-8B539774AA4D}"
EndProject
Project("{FAE04EC0-301F-11D3-BF4B-00C04F79EFBC}") = "CSharpPlayersGuideProgram", "CSharpPlayersGuideProgram\CSharpPlayersGuideProgram.csproj", "{5CF83D42-2AF3-4382-9D1B-E815F4156733}"
EndProject
Project("{FAE04EC0-301F-11D3-BF4B-00C04F79EFBC}") = "TicTacToe", "TicTacToe\TicTacToe.csproj", "{93F70708-16CA-4E24-82B6-B7D6C542A46E}"
EndProject
Global
	GlobalSection(SolutionConfigurationPlatforms) = preSolution
		Debug|Any CPU = Debug|Any CPU
		Release|Any CPU = Release|Any CPU
	EndGlobalSection
	GlobalSection(ProjectConfigurationPlatforms) = postSolution
		{CD9CAA1D-9D0C-47FB-8295-8B539774AA4D}.Debug|Any CPU.ActiveCfg = Debug|Any CPU
		{CD9CAA1D-9D0C-47FB-8295-8B539774AA4D}.Debug|Any CPU.Build.0 = Debug|Any CPU
		{CD9CAA1D-9D0C-47FB-8295-8B539774AA4D}.Release|Any CPU.ActiveCfg = Release|Any CPU
		{CD9CAA1D-9D0C-47FB-8295-8B539774AA4D}.Release|Any CPU.Build.0 = Release|Any CPU
		{5CF83D42-2AF3-4382-9D1B-E815F4156733}.Debug|Any CPU.ActiveCfg = Debug|Any CPU
		{5CF83D42-2AF3-4382-9D1B-E815F4156733}.Debug|Any CPU.Build.0 = Debug|Any CPU
		{5CF83D42-2AF3-4382-9D1B-E815F4156733}.Release|Any CPU.ActiveCfg = Release|Any CPU
		{5CF83D42-2AF3-4382-9D1B-E815F4156733}.Release|Any CPU.Build.0 = Release|Any CPU
		{93F70708-16CA-4E24-82B6-B7D6C542A46E}.Debug|Any CPU.ActiveCfg = Debug|Any CPU
		{93F70708-16CA-4E24-82B6-B7D6C542A46E}.Debug|Any CPU.Build.0 = Debug|Any CPU
		{93F70708-16CA-4E24-82B6-B7D6C542A46E}.Release|Any CPU.ActiveCfg = Release|Any CPU
		{93F70708-16CA-4E24-82B6-B7D6C542A46E}.Release|Any CPU.Build.0 = Release|Any CPU
	EndGlobalSection
	GlobalSection(SolutionProperties) = preSolution
		HideSolutionNode = FALSE
	EndGlobalSection
	GlobalSection(ExtensibilityGlobals) = postSolution
		SolutionGuid = {EE4CAA73-309F-4FCD-AD04-46D2B1613164}
	EndGlobalSection
EndGlobal
